
Microsoft Visual Studio Solution File, Format Version 12.00
# Visual Studio Version 17
VisualStudioVersion = 17.14.36202.13 d17.14
MinimumVisualStudioVersion = 10.0.40219.1
Project("{FAE04EC0-301F-11D3-BF4B-00C04F79EFBC}") = "Temperatura", "Temperatura\Temperatura.csproj", "{D25DEBF9-13A3-4BF0-BBD4-DDD1B6A296C8}"
EndProject
Global
	GlobalSection(SolutionConfigurationPlatforms) = preSolution
		Debug|Any CPU = Debug|Any CPU
		Release|Any CPU = Release|Any CPU
	EndGlobalSection
	GlobalSection(ProjectConfigurationPlatforms) = postSolution
		{D25DEBF9-13A3-4BF0-BBD4-DDD1B6A296C8}.Debug|Any CPU.ActiveCfg = Debug|Any CPU
		{D25DEBF9-13A3-4BF0-BBD4-DDD1B6A296C8}.Debug|Any CPU.Build.0 = Debug|Any CPU
		{D25DEBF9-13A3-4BF0-BBD4-DDD1B6A296C8}.Release|Any CPU.ActiveCfg = Release|Any CPU
		{D25DEBF9-13A3-4BF0-BBD4-DDD1B6A296C8}.Release|Any CPU.Build.0 = Release|Any CPU
	EndGlobalSection
	GlobalSection(SolutionProperties) = preSolution
		HideSolutionNode = FALSE
	EndGlobalSection
	GlobalSection(ExtensibilityGlobals) = postSolution
		SolutionGuid = {E3E42F43-86F1-40EC-9EAD-83B9A9E6C87B}
	EndGlobalSection
EndGlobal
