
Microsoft Visual Studio Solution File, Format Version 12.00
# Visual Studio Version 17
VisualStudioVersion = 17.14.36202.13 d17.14
MinimumVisualStudioVersion = 10.0.40219.1
Project("{FAE04EC0-301F-11D3-BF4B-00C04F79EFBC}") = "Dialogo Semanal", "Dialogo Semanal\Dialogo Semanal.csproj", "{0FC06A7C-6071-48F3-A4F7-1D8813B7AAC6}"
EndProject
Global
	GlobalSection(SolutionConfigurationPlatforms) = preSolution
		Debug|Any CPU = Debug|Any CPU
		Release|Any CPU = Release|Any CPU
	EndGlobalSection
	GlobalSection(ProjectConfigurationPlatforms) = postSolution
		{0FC06A7C-6071-48F3-A4F7-1D8813B7AAC6}.Debug|Any CPU.ActiveCfg = Debug|Any CPU
		{0FC06A7C-6071-48F3-A4F7-1D8813B7AAC6}.Debug|Any CPU.Build.0 = Debug|Any CPU
		{0FC06A7C-6071-48F3-A4F7-1D8813B7AAC6}.Release|Any CPU.ActiveCfg = Release|Any CPU
		{0FC06A7C-6071-48F3-A4F7-1D8813B7AAC6}.Release|Any CPU.Build.0 = Release|Any CPU
	EndGlobalSection
	GlobalSection(SolutionProperties) = preSolution
		HideSolutionNode = FALSE
	EndGlobalSection
	GlobalSection(ExtensibilityGlobals) = postSolution
		SolutionGuid = {72F9BB05-E2A7-40A2-9577-A5A821F496F1}
	EndGlobalSection
EndGlobal
